dependencies:
- name: postgresql
  repository: https://charts.bitnami.com/bitnami
  version: 9.8.11
- name: redis
  repository: https://charts.bitnami.com/bitnami
  version: 12.0.0
- name: nfs-server-provisioner
  repository: https://kvaps.github.io/charts
  version: 1.1.1
- name: saleor-core
  repository: file:///home/u1/Documents/repos/saleor-components/saleor-k8s-intermediate/charts/saleor-core
  version: 1.0.0
- name: saleor-storefront
  repository: file:///home/u1/Documents/repos/saleor-components/saleor-k8s-intermediate/charts/saleor-storefront
  version: 1.0.0
- name: saleor-dashboard
  repository: file:///home/u1/Documents/repos/saleor-components/saleor-k8s-intermediate/charts/saleor-dashboard
  version: 1.0.0
digest: sha256:0fe5cbcac833cc69562ca8b2d5fb81d16f1c066c38d1b087c87db0086e68715e
generated: "2020-12-06T00:36:44.047306455+01:00"
